
Microsoft Visual Studio Solution File, Format Version 12.00
# Visual Studio Version 16
VisualStudioVersion = 16.0.30503.244
MinimumVisualStudioVersion = 10.0.40219.1
Project("{9A19103F-16F7-4668-BE54-9A1E7A4F7556}") = "Device-BE", "Device-BE\Device-BE.csproj", "{D7EF8E4E-9CAF-4E54-8BEA-D026D292DFC1}"
EndProject
Global
	GlobalSection(SolutionConfigurationPlatforms) = preSolution
		Debug|Any CPU = Debug|Any CPU
		Release|Any CPU = Release|Any CPU
	EndGlobalSection
	GlobalSection(ProjectConfigurationPlatforms) = postSolution
		{D7EF8E4E-9CAF-4E54-8BEA-D026D292DFC1}.Debug|Any CPU.ActiveCfg = Debug|Any CPU
		{D7EF8E4E-9CAF-4E54-8BEA-D026D292DFC1}.Debug|Any CPU.Build.0 = Debug|Any CPU
		{D7EF8E4E-9CAF-4E54-8BEA-D026D292DFC1}.Release|Any CPU.ActiveCfg = Release|Any CPU
		{D7EF8E4E-9CAF-4E54-8BEA-D026D292DFC1}.Release|Any CPU.Build.0 = Release|Any CPU
	EndGlobalSection
	GlobalSection(SolutionProperties) = preSolution
		HideSolutionNode = FALSE
	EndGlobalSection
	GlobalSection(ExtensibilityGlobals) = postSolution
		SolutionGuid = {051DA6E3-8152-4C19-8398-43827EC336B8}
	EndGlobalSection
EndGlobal
